
Microsoft Visual Studio Solution File, Format Version 12.00
# Visual Studio 14
VisualStudioVersion = 14.0.25420.1
MinimumVisualStudioVersion = 10.0.40219.1
Project("{FAE04EC0-301F-11D3-BF4B-00C04F79EFBC}") = "Api", "Api\Api.csproj", "{58C477BF-76FC-4783-A85A-556E550B05EE}"
EndProject
Project("{FAE04EC0-301F-11D3-BF4B-00C04F79EFBC}") = "Api.Tests", "Api.Tests\Api.Tests.csproj", "{622C0260-254E-4C62-A0BE-7533D7D5518A}"
EndProject
Project("{FAE04EC0-301F-11D3-BF4B-00C04F79EFBC}") = "IISHost", "IISHost\IISHost.csproj", "{95030E98-8BDD-4154-9C4F-F5A1E1697491}"
EndProject
Project("{FAE04EC0-301F-11D3-BF4B-00C04F79EFBC}") = "SelfHost", "SelfHost\SelfHost.csproj", "{FDF15D0E-2424-491D-9654-57769873CC7A}"
EndProject
Global
	GlobalSection(SolutionConfigurationPlatforms) = preSolution
		Debug|Any CPU = Debug|Any CPU
		Release|Any CPU = Release|Any CPU
	EndGlobalSection
	GlobalSection(ProjectConfigurationPlatforms) = postSolution
		{58C477BF-76FC-4783-A85A-556E550B05EE}.Debug|Any CPU.ActiveCfg = Debug|Any CPU
		{58C477BF-76FC-4783-A85A-556E550B05EE}.Debug|Any CPU.Build.0 = Debug|Any CPU
		{58C477BF-76FC-4783-A85A-556E550B05EE}.Release|Any CPU.ActiveCfg = Release|Any CPU
		{58C477BF-76FC-4783-A85A-556E550B05EE}.Release|Any CPU.Build.0 = Release|Any CPU
		{622C0260-254E-4C62-A0BE-7533D7D5518A}.Debug|Any CPU.ActiveCfg = Debug|Any CPU
		{622C0260-254E-4C62-A0BE-7533D7D5518A}.Debug|Any CPU.Build.0 = Debug|Any CPU
		{622C0260-254E-4C62-A0BE-7533D7D5518A}.Release|Any CPU.ActiveCfg = Release|Any CPU
		{622C0260-254E-4C62-A0BE-7533D7D5518A}.Release|Any CPU.Build.0 = Release|Any CPU
		{95030E98-8BDD-4154-9C4F-F5A1E1697491}.Debug|Any CPU.ActiveCfg = Debug|Any CPU
		{95030E98-8BDD-4154-9C4F-F5A1E1697491}.Debug|Any CPU.Build.0 = Debug|Any CPU
		{95030E98-8BDD-4154-9C4F-F5A1E1697491}.Release|Any CPU.ActiveCfg = Release|Any CPU
		{95030E98-8BDD-4154-9C4F-F5A1E1697491}.Release|Any CPU.Build.0 = Release|Any CPU
		{FDF15D0E-2424-491D-9654-57769873CC7A}.Debug|Any CPU.ActiveCfg = Debug|Any CPU
		{FDF15D0E-2424-491D-9654-57769873CC7A}.Debug|Any CPU.Build.0 = Debug|Any CPU
		{FDF15D0E-2424-491D-9654-57769873CC7A}.Release|Any CPU.ActiveCfg = Release|Any CPU
		{FDF15D0E-2424-491D-9654-57769873CC7A}.Release|Any CPU.Build.0 = Release|Any CPU
	EndGlobalSection
	GlobalSection(SolutionProperties) = preSolution
		HideSolutionNode = FALSE
	EndGlobalSection
EndGlobal
